<?xml version="1.0" encoding="UTF-8" standalone="yes" ?>
<CodeBlocks_project_file>
	<FileVersion major="1" minor="6" />
	<Project>
		<Option title="DymbolicRegressor" />
		<Option pch_mode="2" />
		<Option compiler="dmd" />
		<Build>
			<Target title="Debug">
				<Option output="bin\Debug\DymbolicRegressor.exe" prefix_auto="1" extension_auto="1" />
				<Option object_output="obj\Debug\" />
				<Option type="1" />
				<Option compiler="dmd" />
				<Compiler>
					<Add option="-g" />
					<Add option="-debug" />
				</Compiler>
			</Target>
			<Target title="Release">
				<Option output="bin\Release\DymbolicRegressor.exe" prefix_auto="1" extension_auto="1" />
				<Option object_output="obj\Release\" />
				<Option type="1" />
				<Option compiler="dmd" />
				<Compiler>
					<Add option="-O" />
				</Compiler>
			</Target>
		</Build>
		<Unit filename="generation.d" />
		<Unit filename="individual.d" />
		<Unit filename="main.d" />
		<Unit filename="operators.d">
			<Option compiler="dmd" use="0" buildCommand="$compiler $options -cov $includes -c $file -of$object" />
		</Unit>
		<Unit filename="population.d" />
		<Unit filename="rangedetector.d" />
		<Unit filename="regressiondata.d" />
		<Extensions>
			<code_completion />
		</Extensions>
	</Project>
</CodeBlocks_project_file>
